
Microsoft Visual Studio Solution File, Format Version 12.00
# Visual Studio Version 16
VisualStudioVersion = 16.0.30717.126
MinimumVisualStudioVersion = 10.0.40219.1
Project("{FAE04EC0-301F-11D3-BF4B-00C04F79EFBC}") = "AiTest", "AIChatbotTest\AiTest.csproj", "{3A92D700-9663-4DA7-BBBC-72FF631B40D5}"
EndProject
Project("{FAE04EC0-301F-11D3-BF4B-00C04F79EFBC}") = "ClassLibrary1", "ControlLibrary1\ClassLibrary1.csproj", "{08B72C49-346F-461A-B1FC-3DE36A7B04F0}"
EndProject
Project("{FAE04EC0-301F-11D3-BF4B-00C04F79EFBC}") = "ViewLibrary", "ViewLibrary\ViewLibrary.csproj", "{11DC0AAB-1269-442F-A0B5-97FE9D262216}"
EndProject
Project("{FAE04EC0-301F-11D3-BF4B-00C04F79EFBC}") = "AiModel", "AiCommonLib\AiModel.csproj", "{C208A567-997B-4051-8DC9-588D81B8CCC2}"
EndProject
Global
	GlobalSection(SolutionConfigurationPlatforms) = preSolution
		Debug|Any CPU = Debug|Any CPU
		Debug|x86 = Debug|x86
		Release|Any CPU = Release|Any CPU
		Release|x86 = Release|x86
	EndGlobalSection
	GlobalSection(ProjectConfigurationPlatforms) = postSolution
		{3A92D700-9663-4DA7-BBBC-72FF631B40D5}.Debug|Any CPU.ActiveCfg = Debug|Any CPU
		{3A92D700-9663-4DA7-BBBC-72FF631B40D5}.Debug|Any CPU.Build.0 = Debug|Any CPU
		{3A92D700-9663-4DA7-BBBC-72FF631B40D5}.Debug|x86.ActiveCfg = Debug|x86
		{3A92D700-9663-4DA7-BBBC-72FF631B40D5}.Debug|x86.Build.0 = Debug|x86
		{3A92D700-9663-4DA7-BBBC-72FF631B40D5}.Release|Any CPU.ActiveCfg = Release|Any CPU
		{3A92D700-9663-4DA7-BBBC-72FF631B40D5}.Release|Any CPU.Build.0 = Release|Any CPU
		{3A92D700-9663-4DA7-BBBC-72FF631B40D5}.Release|x86.ActiveCfg = Release|x86
		{3A92D700-9663-4DA7-BBBC-72FF631B40D5}.Release|x86.Build.0 = Release|x86
		{08B72C49-346F-461A-B1FC-3DE36A7B04F0}.Debug|Any CPU.ActiveCfg = Debug|Any CPU
		{08B72C49-346F-461A-B1FC-3DE36A7B04F0}.Debug|Any CPU.Build.0 = Debug|Any CPU
		{08B72C49-346F-461A-B1FC-3DE36A7B04F0}.Debug|x86.ActiveCfg = Debug|Any CPU
		{08B72C49-346F-461A-B1FC-3DE36A7B04F0}.Debug|x86.Build.0 = Debug|Any CPU
		{08B72C49-346F-461A-B1FC-3DE36A7B04F0}.Release|Any CPU.ActiveCfg = Release|Any CPU
		{08B72C49-346F-461A-B1FC-3DE36A7B04F0}.Release|Any CPU.Build.0 = Release|Any CPU
		{08B72C49-346F-461A-B1FC-3DE36A7B04F0}.Release|x86.ActiveCfg = Release|Any CPU
		{08B72C49-346F-461A-B1FC-3DE36A7B04F0}.Release|x86.Build.0 = Release|Any CPU
		{11DC0AAB-1269-442F-A0B5-97FE9D262216}.Debug|Any CPU.ActiveCfg = Debug|Any CPU
		{11DC0AAB-1269-442F-A0B5-97FE9D262216}.Debug|Any CPU.Build.0 = Debug|Any CPU
		{11DC0AAB-1269-442F-A0B5-97FE9D262216}.Debug|x86.ActiveCfg = Debug|Any CPU
		{11DC0AAB-1269-442F-A0B5-97FE9D262216}.Debug|x86.Build.0 = Debug|Any CPU
		{11DC0AAB-1269-442F-A0B5-97FE9D262216}.Release|Any CPU.ActiveCfg = Release|Any CPU
		{11DC0AAB-1269-442F-A0B5-97FE9D262216}.Release|Any CPU.Build.0 = Release|Any CPU
		{11DC0AAB-1269-442F-A0B5-97FE9D262216}.Release|x86.ActiveCfg = Release|Any CPU
		{11DC0AAB-1269-442F-A0B5-97FE9D262216}.Release|x86.Build.0 = Release|Any CPU
		{C208A567-997B-4051-8DC9-588D81B8CCC2}.Debug|Any CPU.ActiveCfg = Debug|Any CPU
		{C208A567-997B-4051-8DC9-588D81B8CCC2}.Debug|Any CPU.Build.0 = Debug|Any CPU
		{C208A567-997B-4051-8DC9-588D81B8CCC2}.Debug|x86.ActiveCfg = Debug|Any CPU
		{C208A567-997B-4051-8DC9-588D81B8CCC2}.Debug|x86.Build.0 = Debug|Any CPU
		{C208A567-997B-4051-8DC9-588D81B8CCC2}.Release|Any CPU.ActiveCfg = Release|Any CPU
		{C208A567-997B-4051-8DC9-588D81B8CCC2}.Release|Any CPU.Build.0 = Release|Any CPU
		{C208A567-997B-4051-8DC9-588D81B8CCC2}.Release|x86.ActiveCfg = Release|Any CPU
		{C208A567-997B-4051-8DC9-588D81B8CCC2}.Release|x86.Build.0 = Release|Any CPU
	EndGlobalSection
	GlobalSection(SolutionProperties) = preSolution
		HideSolutionNode = FALSE
	EndGlobalSection
	GlobalSection(ExtensibilityGlobals) = postSolution
		SolutionGuid = {C30465AE-7EF0-494F-AF81-EC7B92525B5E}
	EndGlobalSection
EndGlobal
